// !$*UTF8*$!
{
	archiveVersion = 1;
	classes = {
	};
	objectVersion = 56;
	objects = {

/* Begin PBXBuildFile section */
		030659972B6197B700304E19 /* TagSelectView.swift in Sources */ = {isa = PBXBuildFile; fileRef = 030659962B6197B700304E19 /* TagSelectView.swift */; };
		030659992B61BB4E00304E19 /* StoreSearchView.swift in Sources */ = {isa = PBXBuildFile; fileRef = 030659982B61BB4E00304E19 /* StoreSearchView.swift */; };
		031F81732B3246B300A4A22C /* GourmeListAppApp.swift in Sources */ = {isa = PBXBuildFile; fileRef = 031F81722B3246B300A4A22C /* GourmeListAppApp.swift */; };
		031F81752B3246B300A4A22C /* HomeView.swift in Sources */ = {isa = PBXBuildFile; fileRef = 031F81742B3246B300A4A22C /* HomeView.swift */; };
		031F81772B3246B500A4A22C /* Assets.xcassets in Resources */ = {isa = PBXBuildFile; fileRef = 031F81762B3246B500A4A22C /* Assets.xcassets */; };
		031F817A2B3246B500A4A22C /* Preview Assets.xcassets in Resources */ = {isa = PBXBuildFile; fileRef = 031F81792B3246B500A4A22C /* Preview Assets.xcassets */; };
		031F81812B324C7A00A4A22C /* AppDelegate.swift in Sources */ = {isa = PBXBuildFile; fileRef = 031F81802B324C7A00A4A22C /* AppDelegate.swift */; };
		034BC4012B683EF0004948EF /* StoreEditView.swift in Sources */ = {isa = PBXBuildFile; fileRef = 034BC4002B683EF0004948EF /* StoreEditView.swift */; };
		037B21EA2B8ACC2300FAFE04 /* ApikeyNameDeclaration.swift in Sources */ = {isa = PBXBuildFile; fileRef = 037B21E92B8ACC2300FAFE04 /* ApikeyNameDeclaration.swift */; };
		03BBF67B2B5F2D250016E3EE /* StoreInfoView.swift in Sources */ = {isa = PBXBuildFile; fileRef = 03BBF67A2B5F2D250016E3EE /* StoreInfoView.swift */; };
		03C36C252B6A2266007DFA06 /* StoreRegistrationView.swift in Sources */ = {isa = PBXBuildFile; fileRef = 03C36C242B6A2266007DFA06 /* StoreRegistrationView.swift */; };
		03E32A232B824DE900C97A1C /* TagViewPath.swift in Sources */ = {isa = PBXBuildFile; fileRef = 03E32A222B824DE900C97A1C /* TagViewPath.swift */; };
		03E32A252B824FBF00C97A1C /* TagNameView.swift in Sources */ = {isa = PBXBuildFile; fileRef = 03E32A242B824FBF00C97A1C /* TagNameView.swift */; };
		03FC5B8F2B7D5B4F00B32E40 /* GourmeListPathModel.swift in Sources */ = {isa = PBXBuildFile; fileRef = 03FC5B8E2B7D5B4F00B32E40 /* GourmeListPathModel.swift */; };
		D3601080EF34BBB599FCBA16 /* libPods-GourmeListApp.a in Frameworks */ = {isa = PBXBuildFile; fileRef = 680DB9D3537611FFCA6BEAC8 /* libPods-GourmeListApp.a */; };
/* End PBXBuildFile section */

/* Begin PBXFileReference section */
		030659962B6197B700304E19 /* TagSelectView.swift */ = {isa = PBXFileReference; lastKnownFileType = sourcecode.swift; path = TagSelectView.swift; sourceTree = "<group>"; };
		030659982B61BB4E00304E19 /* StoreSearchView.swift */ = {isa = PBXFileReference; lastKnownFileType = sourcecode.swift; path = StoreSearchView.swift; sourceTree = "<group>"; };
		031F816F2B3246B300A4A22C /* GourmeListApp.app */ = {isa = PBXFileReference; explicitFileType = wrapper.application; includeInIndex = 0; path = GourmeListApp.app; sourceTree = BUILT_PRODUCTS_DIR; };
		031F81722B3246B300A4A22C /* GourmeListAppApp.swift */ = {isa = PBXFileReference; lastKnownFileType = sourcecode.swift; path = GourmeListAppApp.swift; sourceTree = "<group>"; };
		031F81742B3246B300A4A22C /* HomeView.swift */ = {isa = PBXFileReference; lastKnownFileType = sourcecode.swift; path = HomeView.swift; sourceTree = "<group>"; };
		031F81762B3246B500A4A22C /* Assets.xcassets */ = {isa = PBXFileReference; lastKnownFileType = folder.assetcatalog; path = Assets.xcassets; sourceTree = "<group>"; };
		031F81792B3246B500A4A22C /* Preview Assets.xcassets */ = {isa = PBXFileReference; lastKnownFileType = folder.assetcatalog; path = "Preview Assets.xcassets"; sourceTree = "<group>"; };
		031F81802B324C7A00A4A22C /* AppDelegate.swift */ = {isa = PBXFileReference; lastKnownFileType = sourcecode.swift; path = AppDelegate.swift; sourceTree = "<group>"; };
		034BC4002B683EF0004948EF /* StoreEditView.swift */ = {isa = PBXFileReference; lastKnownFileType = sourcecode.swift; path = StoreEditView.swift; sourceTree = "<group>"; };
		037B21E92B8ACC2300FAFE04 /* ApikeyNameDeclaration.swift */ = {isa = PBXFileReference; lastKnownFileType = sourcecode.swift; path = ApikeyNameDeclaration.swift; sourceTree = "<group>"; };
		03BBF67A2B5F2D250016E3EE /* StoreInfoView.swift */ = {isa = PBXFileReference; lastKnownFileType = sourcecode.swift; path = StoreInfoView.swift; sourceTree = "<group>"; };
		03C36C242B6A2266007DFA06 /* StoreRegistrationView.swift */ = {isa = PBXFileReference; lastKnownFileType = sourcecode.swift; path = StoreRegistrationView.swift; sourceTree = "<group>"; };
		03E32A222B824DE900C97A1C /* TagViewPath.swift */ = {isa = PBXFileReference; lastKnownFileType = sourcecode.swift; path = TagViewPath.swift; sourceTree = "<group>"; };
		03E32A242B824FBF00C97A1C /* TagNameView.swift */ = {isa = PBXFileReference; lastKnownFileType = sourcecode.swift; path = TagNameView.swift; sourceTree = "<group>"; };
		03FC5B8E2B7D5B4F00B32E40 /* GourmeListPathModel.swift */ = {isa = PBXFileReference; lastKnownFileType = sourcecode.swift; path = GourmeListPathModel.swift; sourceTree = "<group>"; };
		0A7D4927EACE77FF8CA9117A /* Pods-GourmeListApp.release.xcconfig */ = {isa = PBXFileReference; includeInIndex = 1; lastKnownFileType = text.xcconfig; name = "Pods-GourmeListApp.release.xcconfig"; path = "Target Support Files/Pods-GourmeListApp/Pods-GourmeListApp.release.xcconfig"; sourceTree = "<group>"; };
		60696579FF9559805FE6A596 /* Pods-GourmeListApp.debug.xcconfig */ = {isa = PBXFileReference; includeInIndex = 1; lastKnownFileType = text.xcconfig; name = "Pods-GourmeListApp.debug.xcconfig"; path = "Target Support Files/Pods-GourmeListApp/Pods-GourmeListApp.debug.xcconfig"; sourceTree = "<group>"; };
		680DB9D3537611FFCA6BEAC8 /* libPods-GourmeListApp.a */ = {isa = PBXFileReference; explicitFileType = archive.ar; includeInIndex = 0; path = "libPods-GourmeListApp.a"; sourceTree = BUILT_PRODUCTS_DIR; };
/* End PBXFileReference section */

/* Begin PBXFrameworksBuildPhase section */
		031F816C2B3246B300A4A22C /* Frameworks */ = {
			isa = PBXFrameworksBuildPhase;
			buildActionMask = 2147483647;
			files = (
				D3601080EF34BBB599FCBA16 /* libPods-GourmeListApp.a in Frameworks */,
			);
			runOnlyForDeploymentPostprocessing = 0;
		};
/* End PBXFrameworksBuildPhase section */

/* Begin PBXGroup section */
		031F81662B3246B300A4A22C = {
			isa = PBXGroup;
			children = (
				031F81712B3246B300A4A22C /* GourmeListApp */,
				031F81702B3246B300A4A22C /* Products */,
				5FADA530B90C1959D40F01D2 /* Pods */,
				D0E3E3CEE85ED9314BADFC35 /* Frameworks */,
			);
			sourceTree = "<group>";
		};
		031F81702B3246B300A4A22C /* Products */ = {
			isa = PBXGroup;
			children = (
				031F816F2B3246B300A4A22C /* GourmeListApp.app */,
			);
			name = Products;
			sourceTree = "<group>";
		};
		031F81712B3246B300A4A22C /* GourmeListApp */ = {
			isa = PBXGroup;
			children = (
				031F81722B3246B300A4A22C /* GourmeListAppApp.swift */,
				03FC5B8E2B7D5B4F00B32E40 /* GourmeListPathModel.swift */,
				03E32A222B824DE900C97A1C /* TagViewPath.swift */,
				031F81742B3246B300A4A22C /* HomeView.swift */,
				030659962B6197B700304E19 /* TagSelectView.swift */,
				03E32A242B824FBF00C97A1C /* TagNameView.swift */,
				03BBF67A2B5F2D250016E3EE /* StoreInfoView.swift */,
				034BC4002B683EF0004948EF /* StoreEditView.swift */,
				030659982B61BB4E00304E19 /* StoreSearchView.swift */,
				03C36C242B6A2266007DFA06 /* StoreRegistrationView.swift */,
				031F81802B324C7A00A4A22C /* AppDelegate.swift */,
				037B21E92B8ACC2300FAFE04 /* ApikeyNameDeclaration.swift */,
				031F81762B3246B500A4A22C /* Assets.xcassets */,
				031F81782B3246B500A4A22C /* Preview Content */,
			);
			path = GourmeListApp;
			sourceTree = "<group>";
		};
		031F81782B3246B500A4A22C /* Preview Content */ = {
			isa = PBXGroup;
			children = (
				031F81792B3246B500A4A22C /* Preview Assets.xcassets */,
			);
			path = "Preview Content";
			sourceTree = "<group>";
		};
		5FADA530B90C1959D40F01D2 /* Pods */ = {
			isa = PBXGroup;
			children = (
				60696579FF9559805FE6A596 /* Pods-GourmeListApp.debug.xcconfig */,
				0A7D4927EACE77FF8CA9117A /* Pods-GourmeListApp.release.xcconfig */,
			);
			path = Pods;
			sourceTree = "<group>";
		};
		D0E3E3CEE85ED9314BADFC35 /* Frameworks */ = {
			isa = PBXGroup;
			children = (
				680DB9D3537611FFCA6BEAC8 /* libPods-GourmeListApp.a */,
			);
			name = Frameworks;
			sourceTree = "<group>";
		};
/* End PBXGroup section */

/* Begin PBXNativeTarget section */
		031F816E2B3246B300A4A22C /* GourmeListApp */ = {
			isa = PBXNativeTarget;
			buildConfigurationList = 031F817D2B3246B500A4A22C /* Build configuration list for PBXNativeTarget "GourmeListApp" */;
			buildPhases = (
				2ECA72ABF5B6CED44CE18F33 /* [CP] Check Pods Manifest.lock */,
				031F816B2B3246B300A4A22C /* Sources */,
				031F816C2B3246B300A4A22C /* Frameworks */,
				031F816D2B3246B300A4A22C /* Resources */,
				DA5073FD065ED8508CECD3DF /* [CP] Copy Pods Resources */,
				03E32A262B82816800C97A1C /* ShellScript */,
			);
			buildRules = (
			);
			dependencies = (
			);
			name = GourmeListApp;
			productName = GourmeListApp;
			productReference = 031F816F2B3246B300A4A22C /* GourmeListApp.app */;
			productType = "com.apple.product-type.application";
		};
/* End PBXNativeTarget section */

/* Begin PBXProject section */
		031F81672B3246B300A4A22C /* Project object */ = {
			isa = PBXProject;
			attributes = {
				BuildIndependentTargetsInParallel = 1;
				LastSwiftUpdateCheck = 1510;
				LastUpgradeCheck = 1510;
				TargetAttributes = {
					031F816E2B3246B300A4A22C = {
						CreatedOnToolsVersion = 15.1;
					};
				};
			};
			buildConfigurationList = 031F816A2B3246B300A4A22C /* Build configuration list for PBXProject "GourmeListApp" */;
			compatibilityVersion = "Xcode 14.0";
			developmentRegion = en;
			hasScannedForEncodings = 0;
			knownRegions = (
				en,
				Base,
			);
			mainGroup = 031F81662B3246B300A4A22C;
			productRefGroup = 031F81702B3246B300A4A22C /* Products */;
			projectDirPath = "";
			projectRoot = "";
			targets = (
				031F816E2B3246B300A4A22C /* GourmeListApp */,
			);
		};
/* End PBXProject section */

/* Begin PBXResourcesBuildPhase section */
		031F816D2B3246B300A4A22C /* Resources */ = {
			isa = PBXResourcesBuildPhase;
			buildActionMask = 2147483647;
			files = (
				031F817A2B3246B500A4A22C /* Preview Assets.xcassets in Resources */,
				031F81772B3246B500A4A22C /* Assets.xcassets in Resources */,
			);
			runOnlyForDeploymentPostprocessing = 0;
		};
/* End PBXResourcesBuildPhase section */

/* Begin PBXShellScriptBuildPhase section */
		03E32A262B82816800C97A1C /* ShellScript */ = {
			isa = PBXShellScriptBuildPhase;
			buildActionMask = 2147483647;
			files = (
			);
			inputFileListPaths = (
			);
			inputPaths = (
			);
			outputFileListPaths = (
			);
			outputPaths = (
			);
			runOnlyForDeploymentPostprocessing = 0;
			shellPath = /bin/sh;
			shellScript = "export PATH=\"$PATH:/opt/homebrew/bin\"\n\nif which swiftlint; then\n    swiftlint --fix --format\nelse\n  echo \"warning: SwiftLint not installed, download from https://github.com/realm/SwiftLint\"\nfi\n";
		};
		2ECA72ABF5B6CED44CE18F33 /* [CP] Check Pods Manifest.lock */ = {
			isa = PBXShellScriptBuildPhase;
			buildActionMask = 2147483647;
			files = (
			);
			inputFileListPaths = (
			);
			inputPaths = (
				"${PODS_PODFILE_DIR_PATH}/Podfile.lock",
				"${PODS_ROOT}/Manifest.lock",
			);
			name = "[CP] Check Pods Manifest.lock";
			outputFileListPaths = (
			);
			outputPaths = (
				"$(DERIVED_FILE_DIR)/Pods-GourmeListApp-checkManifestLockResult.txt",
			);
			runOnlyForDeploymentPostprocessing = 0;
			shellPath = /bin/sh;
			shellScript = "diff \"${PODS_PODFILE_DIR_PATH}/Podfile.lock\" \"${PODS_ROOT}/Manifest.lock\" > /dev/null\nif [ $? != 0 ] ; then\n    # print error to STDERR\n    echo \"error: The sandbox is not in sync with the Podfile.lock. Run 'pod install' or update your CocoaPods installation.\" >&2\n    exit 1\nfi\n# This output is used by Xcode 'outputs' to avoid re-running this script phase.\necho \"SUCCESS\" > \"${SCRIPT_OUTPUT_FILE_0}\"\n";
			showEnvVarsInLog = 0;
		};
		DA5073FD065ED8508CECD3DF /* [CP] Copy Pods Resources */ = {
			isa = PBXShellScriptBuildPhase;
			buildActionMask = 2147483647;
			files = (
			);
			inputFileListPaths = (
				"${PODS_ROOT}/Target Support Files/Pods-GourmeListApp/Pods-GourmeListApp-resources-${CONFIGURATION}-input-files.xcfilelist",
			);
			name = "[CP] Copy Pods Resources";
			outputFileListPaths = (
				"${PODS_ROOT}/Target Support Files/Pods-GourmeListApp/Pods-GourmeListApp-resources-${CONFIGURATION}-output-files.xcfilelist",
			);
			runOnlyForDeploymentPostprocessing = 0;
			shellPath = /bin/sh;
			shellScript = "\"${PODS_ROOT}/Target Support Files/Pods-GourmeListApp/Pods-GourmeListApp-resources.sh\"\n";
			showEnvVarsInLog = 0;
		};
/* End PBXShellScriptBuildPhase section */

/* Begin PBXSourcesBuildPhase section */
		031F816B2B3246B300A4A22C /* Sources */ = {
			isa = PBXSourcesBuildPhase;
			buildActionMask = 2147483647;
			files = (
				03E32A252B824FBF00C97A1C /* TagNameView.swift in Sources */,
				031F81812B324C7A00A4A22C /* AppDelegate.swift in Sources */,
				03C36C252B6A2266007DFA06 /* StoreRegistrationView.swift in Sources */,
				034BC4012B683EF0004948EF /* StoreEditView.swift in Sources */,
				031F81752B3246B300A4A22C /* HomeView.swift in Sources */,
				03E32A232B824DE900C97A1C /* TagViewPath.swift in Sources */,
				030659972B6197B700304E19 /* TagSelectView.swift in Sources */,
				03BBF67B2B5F2D250016E3EE /* StoreInfoView.swift in Sources */,
				030659992B61BB4E00304E19 /* StoreSearchView.swift in Sources */,
				03FC5B8F2B7D5B4F00B32E40 /* GourmeListPathModel.swift in Sources */,
				031F81732B3246B300A4A22C /* GourmeListAppApp.swift in Sources */,
				037B21EA2B8ACC2300FAFE04 /* ApikeyNameDeclaration.swift in Sources */,
			);
			runOnlyForDeploymentPostprocessing = 0;
		};
/* End PBXSourcesBuildPhase section */

/* Begin XCBuildConfiguration section */
		031F817B2B3246B500A4A22C /* Debug */ = {
			isa = XCBuildConfiguration;
			buildSettings = {
				ALWAYS_SEARCH_USER_PATHS = NO;
				ASSETCATALOG_COMPILER_GENERATE_SWIFT_ASSET_SYMBOL_EXTENSIONS = YES;
				CLANG_ANALYZER_NONNULL = YES;
				CLANG_ANALYZER_NUMBER_OBJECT_CONVERSION = YES_AGGRESSIVE;
				CLANG_CXX_LANGUAGE_STANDARD = "gnu++20";
				CLANG_ENABLE_MODULES = YES;
				CLANG_ENABLE_OBJC_ARC = YES;
				CLANG_ENABLE_OBJC_WEAK = YES;
				CLANG_WARN_BLOCK_CAPTURE_AUTORELEASING = YES;
				CLANG_WARN_BOOL_CONVERSION = YES;
				CLANG_WARN_COMMA = YES;
				CLANG_WARN_CONSTANT_CONVERSION = YES;
				CLANG_WARN_DEPRECATED_OBJC_IMPLEMENTATIONS = YES;
				CLANG_WARN_DIRECT_OBJC_ISA_USAGE = YES_ERROR;
				CLANG_WARN_DOCUMENTATION_COMMENTS = YES;
				CLANG_WARN_EMPTY_BODY = YES;
				CLANG_WARN_ENUM_CONVERSION = YES;
				CLANG_WARN_INFINITE_RECURSION = YES;
				CLANG_WARN_INT_CONVERSION = YES;
				CLANG_WARN_NON_LITERAL_NULL_CONVERSION = YES;
				CLANG_WARN_OBJC_IMPLICIT_RETAIN_SELF = YES;
				CLANG_WARN_OBJC_LITERAL_CONVERSION = YES;
				CLANG_WARN_OBJC_ROOT_CLASS = YES_ERROR;
				CLANG_WARN_QUOTED_INCLUDE_IN_FRAMEWORK_HEADER = YES;
				CLANG_WARN_RANGE_LOOP_ANALYSIS = YES;
				CLANG_WARN_STRICT_PROTOTYPES = YES;
				CLANG_WARN_SUSPICIOUS_MOVE = YES;
				CLANG_WARN_UNGUARDED_AVAILABILITY = YES_AGGRESSIVE;
				CLANG_WARN_UNREACHABLE_CODE = YES;
				CLANG_WARN__DUPLICATE_METHOD_MATCH = YES;
				COPY_PHASE_STRIP = NO;
				DEBUG_INFORMATION_FORMAT = dwarf;
				ENABLE_STRICT_OBJC_MSGSEND = YES;
				ENABLE_TESTABILITY = YES;
				ENABLE_USER_SCRIPT_SANDBOXING = NO;
				GCC_C_LANGUAGE_STANDARD = gnu17;
				GCC_DYNAMIC_NO_PIC = NO;
				GCC_NO_COMMON_BLOCKS = YES;
				GCC_OPTIMIZATION_LEVEL = 0;
				GCC_PREPROCESSOR_DEFINITIONS = (
					"DEBUG=1",
					"$(inherited)",
				);
				GCC_WARN_64_TO_32_BIT_CONVERSION = YES;
				GCC_WARN_ABOUT_RETURN_TYPE = YES_ERROR;
				GCC_WARN_UNDECLARED_SELECTOR = YES;
				GCC_WARN_UNINITIALIZED_AUTOS = YES_AGGRESSIVE;
				GCC_WARN_UNUSED_FUNCTION = YES;
				GCC_WARN_UNUSED_VARIABLE = YES;
				IPHONEOS_DEPLOYMENT_TARGET = 17.2;
				LOCALIZATION_PREFERS_STRING_CATALOGS = YES;
				MTL_ENABLE_DEBUG_INFO = INCLUDE_SOURCE;
				MTL_FAST_MATH = YES;
				ONLY_ACTIVE_ARCH = YES;
				SDKROOT = iphoneos;
				SWIFT_ACTIVE_COMPILATION_CONDITIONS = "DEBUG $(inherited)";
				SWIFT_OPTIMIZATION_LEVEL = "-Onone";
			};
			name = Debug;
		};
		031F817C2B3246B500A4A22C /* Release */ = {
			isa = XCBuildConfiguration;
			buildSettings = {
				ALWAYS_SEARCH_USER_PATHS = NO;
				ASSETCATALOG_COMPILER_GENERATE_SWIFT_ASSET_SYMBOL_EXTENSIONS = YES;
				CLANG_ANALYZER_NONNULL = YES;
				CLANG_ANALYZER_NUMBER_OBJECT_CONVERSION = YES_AGGRESSIVE;
				CLANG_CXX_LANGUAGE_STANDARD = "gnu++20";
				CLANG_ENABLE_MODULES = YES;
				CLANG_ENABLE_OBJC_ARC = YES;
				CLANG_ENABLE_OBJC_WEAK = YES;
				CLANG_WARN_BLOCK_CAPTURE_AUTORELEASING = YES;
				CLANG_WARN_BOOL_CONVERSION = YES;
				CLANG_WARN_COMMA = YES;
				CLANG_WARN_CONSTANT_CONVERSION = YES;
				CLANG_WARN_DEPRECATED_OBJC_IMPLEMENTATIONS = YES;
				CLANG_WARN_DIRECT_OBJC_ISA_USAGE = YES_ERROR;
				CLANG_WARN_DOCUMENTATION_COMMENTS = YES;
				CLANG_WARN_EMPTY_BODY = YES;
				CLANG_WARN_ENUM_CONVERSION = YES;
				CLANG_WARN_INFINITE_RECURSION = YES;
				CLANG_WARN_INT_CONVERSION = YES;
				CLANG_WARN_NON_LITERAL_NULL_CONVERSION = YES;
				CLANG_WARN_OBJC_IMPLICIT_RETAIN_SELF = YES;
				CLANG_WARN_OBJC_LITERAL_CONVERSION = YES;
				CLANG_WARN_OBJC_ROOT_CLASS = YES_ERROR;
				CLANG_WARN_QUOTED_INCLUDE_IN_FRAMEWORK_HEADER = YES;
				CLANG_WARN_RANGE_LOOP_ANALYSIS = YES;
				CLANG_WARN_STRICT_PROTOTYPES = YES;
				CLANG_WARN_SUSPICIOUS_MOVE = YES;
				CLANG_WARN_UNGUARDED_AVAILABILITY = YES_AGGRESSIVE;
				CLANG_WARN_UNREACHABLE_CODE = YES;
				CLANG_WARN__DUPLICATE_METHOD_MATCH = YES;
				COPY_PHASE_STRIP = NO;
				DEBUG_INFORMATION_FORMAT = "dwarf-with-dsym";
				ENABLE_NS_ASSERTIONS = NO;
				ENABLE_STRICT_OBJC_MSGSEND = YES;
				ENABLE_USER_SCRIPT_SANDBOXING = NO;
				GCC_C_LANGUAGE_STANDARD = gnu17;
				GCC_NO_COMMON_BLOCKS = YES;
				GCC_WARN_64_TO_32_BIT_CONVERSION = YES;
				GCC_WARN_ABOUT_RETURN_TYPE = YES_ERROR;
				GCC_WARN_UNDECLARED_SELECTOR = YES;
				GCC_WARN_UNINITIALIZED_AUTOS = YES_AGGRESSIVE;
				GCC_WARN_UNUSED_FUNCTION = YES;
				GCC_WARN_UNUSED_VARIABLE = YES;
				IPHONEOS_DEPLOYMENT_TARGET = 17.2;
				LOCALIZATION_PREFERS_STRING_CATALOGS = YES;
				MTL_ENABLE_DEBUG_INFO = NO;
				MTL_FAST_MATH = YES;
				SDKROOT = iphoneos;
				SWIFT_COMPILATION_MODE = wholemodule;
				VALIDATE_PRODUCT = YES;
			};
			name = Release;
		};
		031F817E2B3246B500A4A22C /* Debug */ = {
			isa = XCBuildConfiguration;
			baseConfigurationReference = 60696579FF9559805FE6A596 /* Pods-GourmeListApp.debug.xcconfig */;
			buildSettings = {
				ASSETCATALOG_COMPILER_APPICON_NAME = AppIcon;
				ASSETCATALOG_COMPILER_GLOBAL_ACCENT_COLOR_NAME = AccentColor;
				CODE_SIGN_STYLE = Automatic;
				CURRENT_PROJECT_VERSION = 1;
				DEVELOPMENT_ASSET_PATHS = "\"GourmeListApp/Preview Content\"";
				DEVELOPMENT_TEAM = "";
				ENABLE_PREVIEWS = YES;
				GENERATE_INFOPLIST_FILE = YES;
				INFOPLIST_KEY_UIApplicationSceneManifest_Generation = YES;
				INFOPLIST_KEY_UIApplicationSupportsIndirectInputEvents = YES;
				INFOPLIST_KEY_UILaunchScreen_Generation = YES;
				INFOPLIST_KEY_UISupportedInterfaceOrientations_iPad = "UIInterfaceOrientationPortrait UIInterfaceOrientationPortraitUpsideDown UIInterfaceOrientationLandscapeLeft UIInterfaceOrientationLandscapeRight";
				INFOPLIST_KEY_UISupportedInterfaceOrientations_iPhone = "UIInterfaceOrientationPortrait UIInterfaceOrientationLandscapeLeft UIInterfaceOrientationLandscapeRight";
				LD_RUNPATH_SEARCH_PATHS = (
					"$(inherited)",
					"@executable_path/Frameworks",
				);
				MARKETING_VERSION = 1.0;
				PRODUCT_BUNDLE_IDENTIFIER = takahashi20231220.GourmeListApp;
				PRODUCT_NAME = "$(TARGET_NAME)";
				SWIFT_EMIT_LOC_STRINGS = YES;
				SWIFT_VERSION = 5.0;
				TARGETED_DEVICE_FAMILY = "1,2";
			};
			name = Debug;
		};
		031F817F2B3246B500A4A22C /* Release */ = {
			isa = XCBuildConfiguration;
			baseConfigurationReference = 0A7D4927EACE77FF8CA9117A /* Pods-GourmeListApp.release.xcconfig */;
			buildSettings = {
				ASSETCATALOG_COMPILER_APPICON_NAME = AppIcon;
				ASSETCATALOG_COMPILER_GLOBAL_ACCENT_COLOR_NAME = AccentColor;
				CODE_SIGN_STYLE = Automatic;
				CURRENT_PROJECT_VERSION = 1;
				DEVELOPMENT_ASSET_PATHS = "\"GourmeListApp/Preview Content\"";
				DEVELOPMENT_TEAM = "";
				ENABLE_PREVIEWS = YES;
				GENERATE_INFOPLIST_FILE = YES;
				INFOPLIST_KEY_UIApplicationSceneManifest_Generation = YES;
				INFOPLIST_KEY_UIApplicationSupportsIndirectInputEvents = YES;
				INFOPLIST_KEY_UILaunchScreen_Generation = YES;
				INFOPLIST_KEY_UISupportedInterfaceOrientations_iPad = "UIInterfaceOrientationPortrait UIInterfaceOrientationPortraitUpsideDown UIInterfaceOrientationLandscapeLeft UIInterfaceOrientationLandscapeRight";
				INFOPLIST_KEY_UISupportedInterfaceOrientations_iPhone = "UIInterfaceOrientationPortrait UIInterfaceOrientationLandscapeLeft UIInterfaceOrientationLandscapeRight";
				LD_RUNPATH_SEARCH_PATHS = (
					"$(inherited)",
					"@executable_path/Frameworks",
				);
				MARKETING_VERSION = 1.0;
				PRODUCT_BUNDLE_IDENTIFIER = takahashi20231220.GourmeListApp;
				PRODUCT_NAME = "$(TARGET_NAME)";
				SWIFT_EMIT_LOC_STRINGS = YES;
				SWIFT_VERSION = 5.0;
				TARGETED_DEVICE_FAMILY = "1,2";
			};
			name = Release;
		};
/* End XCBuildConfiguration section */

/* Begin XCConfigurationList section */
		031F816A2B3246B300A4A22C /* Build configuration list for PBXProject "GourmeListApp" */ = {
			isa = XCConfigurationList;
			buildConfigurations = (
				031F817B2B3246B500A4A22C /* Debug */,
				031F817C2B3246B500A4A22C /* Release */,
			);
			defaultConfigurationIsVisible = 0;
			defaultConfigurationName = Release;
		};
		031F817D2B3246B500A4A22C /* Build configuration list for PBXNativeTarget "GourmeListApp" */ = {
			isa = XCConfigurationList;
			buildConfigurations = (
				031F817E2B3246B500A4A22C /* Debug */,
				031F817F2B3246B500A4A22C /* Release */,
			);
			defaultConfigurationIsVisible = 0;
			defaultConfigurationName = Release;
		};
/* End XCConfigurationList section */
	};
	rootObject = 031F81672B3246B300A4A22C /* Project object */;
}
