// !$*UTF8*$!
{
	archiveVersion = 1;
	classes = {
	};
	objectVersion = 56;
	objects = {

/* Begin PBXBuildFile section */
		030292882D162AEF000AD4B2 /* StoreSearchViewModel.swift in Sources */ = {isa = PBXBuildFile; fileRef = 030292872D162AEF000AD4B2 /* StoreSearchViewModel.swift */; };
		0302CD412C98619E004567ED /* Persistence.swift in Sources */ = {isa = PBXBuildFile; fileRef = 0302CD3D2C98619E004567ED /* Persistence.swift */; };
		0302CD422C98619E004567ED /* GourmeListApp.xcdatamodeld in Sources */ = {isa = PBXBuildFile; fileRef = 0302CD3F2C98619E004567ED /* GourmeListApp.xcdatamodeld */; };
		030659972B6197B700304E19 /* TagAddView.swift in Sources */ = {isa = PBXBuildFile; fileRef = 030659962B6197B700304E19 /* TagAddView.swift */; };
		030E67782BB8D2ED00ADA64A /* StoreInfoTextModifier.swift in Sources */ = {isa = PBXBuildFile; fileRef = 030E67772BB8D2ED00ADA64A /* StoreInfoTextModifier.swift */; };
		031636CD2C0995D500938104 /* StoreInfoTextFieldModifier.swift in Sources */ = {isa = PBXBuildFile; fileRef = 031636CC2C0995D500938104 /* StoreInfoTextFieldModifier.swift */; };
		031636CF2C09A04300938104 /* NavigationBarTitleModifire.swift in Sources */ = {isa = PBXBuildFile; fileRef = 031636CE2C09A04300938104 /* NavigationBarTitleModifire.swift */; };
		031636D12C09A1C900938104 /* NavigationBottomBarModifire.swift in Sources */ = {isa = PBXBuildFile; fileRef = 031636D02C09A1C900938104 /* NavigationBottomBarModifire.swift */; };
		03175B532BDD662000C0DDD9 /* TagButtonDetail.swift in Sources */ = {isa = PBXBuildFile; fileRef = 03175B522BDD662000C0DDD9 /* TagButtonDetail.swift */; };
		031F81732B3246B300A4A22C /* GourmeListApp.swift in Sources */ = {isa = PBXBuildFile; fileRef = 031F81722B3246B300A4A22C /* GourmeListApp.swift */; };
		031F81752B3246B300A4A22C /* HomeView.swift in Sources */ = {isa = PBXBuildFile; fileRef = 031F81742B3246B300A4A22C /* HomeView.swift */; };
		031F81772B3246B500A4A22C /* Assets.xcassets in Resources */ = {isa = PBXBuildFile; fileRef = 031F81762B3246B500A4A22C /* Assets.xcassets */; };
		031F817A2B3246B500A4A22C /* Preview Assets.xcassets in Resources */ = {isa = PBXBuildFile; fileRef = 031F81792B3246B500A4A22C /* Preview Assets.xcassets */; };
		031F81812B324C7A00A4A22C /* AppDelegate.swift in Sources */ = {isa = PBXBuildFile; fileRef = 031F81802B324C7A00A4A22C /* AppDelegate.swift */; };
		0342ED7B2C0F9DF90081E751 /* StoreSearchView.swift in Sources */ = {isa = PBXBuildFile; fileRef = 0342ED7A2C0F9DF90081E751 /* StoreSearchView.swift */; };
		034A2B382BFC22D60057E9EF /* VisitDateView.swift in Sources */ = {isa = PBXBuildFile; fileRef = 034A2B372BFC22D60057E9EF /* VisitDateView.swift */; };
		034BC4012B683EF0004948EF /* StoreEditView.swift in Sources */ = {isa = PBXBuildFile; fileRef = 034BC4002B683EF0004948EF /* StoreEditView.swift */; };
		03BBF67B2B5F2D250016E3EE /* StoreOverview.swift in Sources */ = {isa = PBXBuildFile; fileRef = 03BBF67A2B5F2D250016E3EE /* StoreOverview.swift */; };
		03C36C252B6A2266007DFA06 /* StoreRegistrationView.swift in Sources */ = {isa = PBXBuildFile; fileRef = 03C36C242B6A2266007DFA06 /* StoreRegistrationView.swift */; };
		03D52ADD2D4DB0DC00DC6AC2 /* APIKeyConfig.swift in Sources */ = {isa = PBXBuildFile; fileRef = 03D52ADC2D4DB0DC00DC6AC2 /* APIKeyConfig.swift */; };
		03D731D32CFA338B00550502 /* TagSelectionViewModel.swift in Sources */ = {isa = PBXBuildFile; fileRef = 03D731D22CFA338B00550502 /* TagSelectionViewModel.swift */; };
		03D732C72D0433DC00550502 /* StoreOverViewModel.swift in Sources */ = {isa = PBXBuildFile; fileRef = 03D732C62D0433DC00550502 /* StoreOverViewModel.swift */; };
		03DA569E2CE937EE004ED09E /* ImageScrollView.swift in Sources */ = {isa = PBXBuildFile; fileRef = 03DA569D2CE937EE004ED09E /* ImageScrollView.swift */; };
		03DA56A02CED47A6004ED09E /* HomeViewModel.swift in Sources */ = {isa = PBXBuildFile; fileRef = 03DA569F2CED47A6004ED09E /* HomeViewModel.swift */; };
		03E2F3ED2BCE4F7600C1172D /* TagSelectionView.swift in Sources */ = {isa = PBXBuildFile; fileRef = 03E2F3EC2BCE4F7600C1172D /* TagSelectionView.swift */; };
		03E2F3EF2BCE530D00C1172D /* OriginalSearchBarView.swift in Sources */ = {isa = PBXBuildFile; fileRef = 03E2F3EE2BCE530D00C1172D /* OriginalSearchBarView.swift */; };
		03E663582CA86BF00023BBB2 /* StoreDetailData.swift in Sources */ = {isa = PBXBuildFile; fileRef = 03E663572CA86BF00023BBB2 /* StoreDetailData.swift */; };
		03E663622CAAC8B00023BBB2 /* StoreRegistrationViewModel.swift in Sources */ = {isa = PBXBuildFile; fileRef = 03E663612CAAC8B00023BBB2 /* StoreRegistrationViewModel.swift */; };
		03E663642CAAD6570023BBB2 /* StoreEditViewModel.swift in Sources */ = {isa = PBXBuildFile; fileRef = 03E663632CAAD6570023BBB2 /* StoreEditViewModel.swift */; };
		03F057E42CCEB69600D20360 /* VisitationStatus.swift in Sources */ = {isa = PBXBuildFile; fileRef = 03F057E32CCEB69600D20360 /* VisitationStatus.swift */; };
		03F057E62CDD62BE00D20360 /* TagAddViewModel.swift in Sources */ = {isa = PBXBuildFile; fileRef = 03F057E52CDD62BE00D20360 /* TagAddViewModel.swift */; };
		03F057EA2CE4251F00D20360 /* TagButtonView.swift in Sources */ = {isa = PBXBuildFile; fileRef = 03F057E92CE4251F00D20360 /* TagButtonView.swift */; };
		03FC5B8F2B7D5B4F00B32E40 /* HomeNavigatePathModel.swift in Sources */ = {isa = PBXBuildFile; fileRef = 03FC5B8E2B7D5B4F00B32E40 /* HomeNavigatePathModel.swift */; };
		D3601080EF34BBB599FCBA16 /* libPods-GourmeListApp.a in Frameworks */ = {isa = PBXBuildFile; fileRef = 680DB9D3537611FFCA6BEAC8 /* libPods-GourmeListApp.a */; };
/* End PBXBuildFile section */

/* Begin PBXFileReference section */
		030292872D162AEF000AD4B2 /* StoreSearchViewModel.swift */ = {isa = PBXFileReference; lastKnownFileType = sourcecode.swift; path = StoreSearchViewModel.swift; sourceTree = "<group>"; };
		0302CD3D2C98619E004567ED /* Persistence.swift */ = {isa = PBXFileReference; fileEncoding = 4; lastKnownFileType = sourcecode.swift; path = Persistence.swift; sourceTree = "<group>"; };
		0302CD3E2C98619E004567ED /* GourmeListApp.entitlements */ = {isa = PBXFileReference; fileEncoding = 4; lastKnownFileType = text.plist.entitlements; path = GourmeListApp.entitlements; sourceTree = "<group>"; };
		0302CD402C98619E004567ED /* PhotoCoreData.xcdatamodel */ = {isa = PBXFileReference; lastKnownFileType = wrapper.xcdatamodel; path = PhotoCoreData.xcdatamodel; sourceTree = "<group>"; };
		030659962B6197B700304E19 /* TagAddView.swift */ = {isa = PBXFileReference; lastKnownFileType = sourcecode.swift; path = TagAddView.swift; sourceTree = "<group>"; };
		030E67772BB8D2ED00ADA64A /* StoreInfoTextModifier.swift */ = {isa = PBXFileReference; lastKnownFileType = sourcecode.swift; path = StoreInfoTextModifier.swift; sourceTree = "<group>"; };
		031636CC2C0995D500938104 /* StoreInfoTextFieldModifier.swift */ = {isa = PBXFileReference; lastKnownFileType = sourcecode.swift; path = StoreInfoTextFieldModifier.swift; sourceTree = "<group>"; };
		031636CE2C09A04300938104 /* NavigationBarTitleModifire.swift */ = {isa = PBXFileReference; lastKnownFileType = sourcecode.swift; path = NavigationBarTitleModifire.swift; sourceTree = "<group>"; };
		031636D02C09A1C900938104 /* NavigationBottomBarModifire.swift */ = {isa = PBXFileReference; lastKnownFileType = sourcecode.swift; path = NavigationBottomBarModifire.swift; sourceTree = "<group>"; };
		03175B522BDD662000C0DDD9 /* TagButtonDetail.swift */ = {isa = PBXFileReference; lastKnownFileType = sourcecode.swift; path = TagButtonDetail.swift; sourceTree = "<group>"; };
		031F816F2B3246B300A4A22C /* GourmeListApp.app */ = {isa = PBXFileReference; explicitFileType = wrapper.application; includeInIndex = 0; path = GourmeListApp.app; sourceTree = BUILT_PRODUCTS_DIR; };
		031F81722B3246B300A4A22C /* GourmeListApp.swift */ = {isa = PBXFileReference; lastKnownFileType = sourcecode.swift; path = GourmeListApp.swift; sourceTree = "<group>"; };
		031F81742B3246B300A4A22C /* HomeView.swift */ = {isa = PBXFileReference; lastKnownFileType = sourcecode.swift; path = HomeView.swift; sourceTree = "<group>"; };
		031F81762B3246B500A4A22C /* Assets.xcassets */ = {isa = PBXFileReference; lastKnownFileType = folder.assetcatalog; path = Assets.xcassets; sourceTree = "<group>"; };
		031F81792B3246B500A4A22C /* Preview Assets.xcassets */ = {isa = PBXFileReference; lastKnownFileType = folder.assetcatalog; path = "Preview Assets.xcassets"; sourceTree = "<group>"; };
		031F81802B324C7A00A4A22C /* AppDelegate.swift */ = {isa = PBXFileReference; lastKnownFileType = sourcecode.swift; path = AppDelegate.swift; sourceTree = "<group>"; };
		0342ED7A2C0F9DF90081E751 /* StoreSearchView.swift */ = {isa = PBXFileReference; lastKnownFileType = sourcecode.swift; path = StoreSearchView.swift; sourceTree = "<group>"; };
		034A2B372BFC22D60057E9EF /* VisitDateView.swift */ = {isa = PBXFileReference; lastKnownFileType = sourcecode.swift; path = VisitDateView.swift; sourceTree = "<group>"; };
		034BC4002B683EF0004948EF /* StoreEditView.swift */ = {isa = PBXFileReference; lastKnownFileType = sourcecode.swift; path = StoreEditView.swift; sourceTree = "<group>"; };
		03BBF67A2B5F2D250016E3EE /* StoreOverview.swift */ = {isa = PBXFileReference; lastKnownFileType = sourcecode.swift; path = StoreOverview.swift; sourceTree = "<group>"; };
		03C36C242B6A2266007DFA06 /* StoreRegistrationView.swift */ = {isa = PBXFileReference; lastKnownFileType = sourcecode.swift; path = StoreRegistrationView.swift; sourceTree = "<group>"; };
		03D52ADC2D4DB0DC00DC6AC2 /* APIKeyConfig.swift */ = {isa = PBXFileReference; fileEncoding = 4; lastKnownFileType = sourcecode.swift; path = APIKeyConfig.swift; sourceTree = "<group>"; };
		03D731D22CFA338B00550502 /* TagSelectionViewModel.swift */ = {isa = PBXFileReference; lastKnownFileType = sourcecode.swift; path = TagSelectionViewModel.swift; sourceTree = "<group>"; };
		03D732C62D0433DC00550502 /* StoreOverViewModel.swift */ = {isa = PBXFileReference; lastKnownFileType = sourcecode.swift; path = StoreOverViewModel.swift; sourceTree = "<group>"; };
		03DA569D2CE937EE004ED09E /* ImageScrollView.swift */ = {isa = PBXFileReference; lastKnownFileType = sourcecode.swift; path = ImageScrollView.swift; sourceTree = "<group>"; };
		03DA569F2CED47A6004ED09E /* HomeViewModel.swift */ = {isa = PBXFileReference; lastKnownFileType = sourcecode.swift; path = HomeViewModel.swift; sourceTree = "<group>"; };
		03E2F3EC2BCE4F7600C1172D /* TagSelectionView.swift */ = {isa = PBXFileReference; lastKnownFileType = sourcecode.swift; path = TagSelectionView.swift; sourceTree = "<group>"; };
		03E2F3EE2BCE530D00C1172D /* OriginalSearchBarView.swift */ = {isa = PBXFileReference; lastKnownFileType = sourcecode.swift; path = OriginalSearchBarView.swift; sourceTree = "<group>"; };
		03E663572CA86BF00023BBB2 /* StoreDetailData.swift */ = {isa = PBXFileReference; lastKnownFileType = sourcecode.swift; path = StoreDetailData.swift; sourceTree = "<group>"; };
		03E663612CAAC8B00023BBB2 /* StoreRegistrationViewModel.swift */ = {isa = PBXFileReference; lastKnownFileType = sourcecode.swift; path = StoreRegistrationViewModel.swift; sourceTree = "<group>"; };
		03E663632CAAD6570023BBB2 /* StoreEditViewModel.swift */ = {isa = PBXFileReference; lastKnownFileType = sourcecode.swift; path = StoreEditViewModel.swift; sourceTree = "<group>"; };
		03F057E32CCEB69600D20360 /* VisitationStatus.swift */ = {isa = PBXFileReference; lastKnownFileType = sourcecode.swift; path = VisitationStatus.swift; sourceTree = "<group>"; };
		03F057E52CDD62BE00D20360 /* TagAddViewModel.swift */ = {isa = PBXFileReference; lastKnownFileType = sourcecode.swift; path = TagAddViewModel.swift; sourceTree = "<group>"; };
		03F057E92CE4251F00D20360 /* TagButtonView.swift */ = {isa = PBXFileReference; lastKnownFileType = sourcecode.swift; path = TagButtonView.swift; sourceTree = "<group>"; };
		03FC5B8E2B7D5B4F00B32E40 /* HomeNavigatePathModel.swift */ = {isa = PBXFileReference; lastKnownFileType = sourcecode.swift; path = HomeNavigatePathModel.swift; sourceTree = "<group>"; };
		0A7D4927EACE77FF8CA9117A /* Pods-GourmeListApp.release.xcconfig */ = {isa = PBXFileReference; includeInIndex = 1; lastKnownFileType = text.xcconfig; name = "Pods-GourmeListApp.release.xcconfig"; path = "Target Support Files/Pods-GourmeListApp/Pods-GourmeListApp.release.xcconfig"; sourceTree = "<group>"; };
		60696579FF9559805FE6A596 /* Pods-GourmeListApp.debug.xcconfig */ = {isa = PBXFileReference; includeInIndex = 1; lastKnownFileType = text.xcconfig; name = "Pods-GourmeListApp.debug.xcconfig"; path = "Target Support Files/Pods-GourmeListApp/Pods-GourmeListApp.debug.xcconfig"; sourceTree = "<group>"; };
		680DB9D3537611FFCA6BEAC8 /* libPods-GourmeListApp.a */ = {isa = PBXFileReference; explicitFileType = archive.ar; includeInIndex = 0; path = "libPods-GourmeListApp.a"; sourceTree = BUILT_PRODUCTS_DIR; };
/* End PBXFileReference section */

/* Begin PBXFrameworksBuildPhase section */
		031F816C2B3246B300A4A22C /* Frameworks */ = {
			isa = PBXFrameworksBuildPhase;
			buildActionMask = 2147483647;
			files = (
				D3601080EF34BBB599FCBA16 /* libPods-GourmeListApp.a in Frameworks */,
			);
			runOnlyForDeploymentPostprocessing = 0;
		};
/* End PBXFrameworksBuildPhase section */

/* Begin PBXGroup section */
		0302CD3B2C986140004567ED /* View */ = {
			isa = PBXGroup;
			children = (
				031F81742B3246B300A4A22C /* HomeView.swift */,
				03E2F3EC2BCE4F7600C1172D /* TagSelectionView.swift */,
				03E2F3EE2BCE530D00C1172D /* OriginalSearchBarView.swift */,
				0342ED7A2C0F9DF90081E751 /* StoreSearchView.swift */,
				034A2B372BFC22D60057E9EF /* VisitDateView.swift */,
				030659962B6197B700304E19 /* TagAddView.swift */,
				03F057E92CE4251F00D20360 /* TagButtonView.swift */,
				03BBF67A2B5F2D250016E3EE /* StoreOverview.swift */,
				03C36C242B6A2266007DFA06 /* StoreRegistrationView.swift */,
				03DA569D2CE937EE004ED09E /* ImageScrollView.swift */,
				034BC4002B683EF0004948EF /* StoreEditView.swift */,
			);
			path = View;
			sourceTree = "<group>";
		};
		0302CD3C2C986175004567ED /* Model */ = {
			isa = PBXGroup;
			children = (
				03FC5B8E2B7D5B4F00B32E40 /* HomeNavigatePathModel.swift */,
				03175B522BDD662000C0DDD9 /* TagButtonDetail.swift */,
				03E663572CA86BF00023BBB2 /* StoreDetailData.swift */,
				03F057E32CCEB69600D20360 /* VisitationStatus.swift */,
			);
			path = Model;
			sourceTree = "<group>";
		};
		0302CD492CA3601D004567ED /* ViewModel */ = {
			isa = PBXGroup;
			children = (
				030292872D162AEF000AD4B2 /* StoreSearchViewModel.swift */,
				03DA569F2CED47A6004ED09E /* HomeViewModel.swift */,
				03D731D22CFA338B00550502 /* TagSelectionViewModel.swift */,
				03F057E52CDD62BE00D20360 /* TagAddViewModel.swift */,
				03E663612CAAC8B00023BBB2 /* StoreRegistrationViewModel.swift */,
				03D732C62D0433DC00550502 /* StoreOverViewModel.swift */,
				03E663632CAAD6570023BBB2 /* StoreEditViewModel.swift */,
			);
			path = ViewModel;
			sourceTree = "<group>";
		};
		030E67762BB8D2A500ADA64A /* Modifiers */ = {
			isa = PBXGroup;
			children = (
				030E67772BB8D2ED00ADA64A /* StoreInfoTextModifier.swift */,
				031636CC2C0995D500938104 /* StoreInfoTextFieldModifier.swift */,
				031636CE2C09A04300938104 /* NavigationBarTitleModifire.swift */,
				031636D02C09A1C900938104 /* NavigationBottomBarModifire.swift */,
			);
			path = Modifiers;
			sourceTree = "<group>";
		};
		031F81662B3246B300A4A22C = {
			isa = PBXGroup;
			children = (
				031F81712B3246B300A4A22C /* GourmeListApp */,
				031F81702B3246B300A4A22C /* Products */,
				5FADA530B90C1959D40F01D2 /* Pods */,
				D0E3E3CEE85ED9314BADFC35 /* Frameworks */,
			);
			sourceTree = "<group>";
		};
		031F81702B3246B300A4A22C /* Products */ = {
			isa = PBXGroup;
			children = (
				031F816F2B3246B300A4A22C /* GourmeListApp.app */,
			);
			name = Products;
			sourceTree = "<group>";
		};
		031F81712B3246B300A4A22C /* GourmeListApp */ = {
			isa = PBXGroup;
			children = (
				031F81722B3246B300A4A22C /* GourmeListApp.swift */,
				030E67762BB8D2A500ADA64A /* Modifiers */,
				0302CD3C2C986175004567ED /* Model */,
				0302CD3B2C986140004567ED /* View */,
				0302CD492CA3601D004567ED /* ViewModel */,
				031F81802B324C7A00A4A22C /* AppDelegate.swift */,
				03D52ADC2D4DB0DC00DC6AC2 /* APIKeyConfig.swift */,
				031F81762B3246B500A4A22C /* Assets.xcassets */,
				0302CD3E2C98619E004567ED /* GourmeListApp.entitlements */,
				0302CD3F2C98619E004567ED /* GourmeListApp.xcdatamodeld */,
				0302CD3D2C98619E004567ED /* Persistence.swift */,
				031F81782B3246B500A4A22C /* Preview Content */,
			);
			path = GourmeListApp;
			sourceTree = "<group>";
		};
		031F81782B3246B500A4A22C /* Preview Content */ = {
			isa = PBXGroup;
			children = (
				031F81792B3246B500A4A22C /* Preview Assets.xcassets */,
			);
			path = "Preview Content";
			sourceTree = "<group>";
		};
		5FADA530B90C1959D40F01D2 /* Pods */ = {
			isa = PBXGroup;
			children = (
				60696579FF9559805FE6A596 /* Pods-GourmeListApp.debug.xcconfig */,
				0A7D4927EACE77FF8CA9117A /* Pods-GourmeListApp.release.xcconfig */,
			);
			path = Pods;
			sourceTree = "<group>";
		};
		D0E3E3CEE85ED9314BADFC35 /* Frameworks */ = {
			isa = PBXGroup;
			children = (
				680DB9D3537611FFCA6BEAC8 /* libPods-GourmeListApp.a */,
			);
			name = Frameworks;
			sourceTree = "<group>";
		};
/* End PBXGroup section */

/* Begin PBXNativeTarget section */
		031F816E2B3246B300A4A22C /* GourmeListApp */ = {
			isa = PBXNativeTarget;
			buildConfigurationList = 031F817D2B3246B500A4A22C /* Build configuration list for PBXNativeTarget "GourmeListApp" */;
			buildPhases = (
				2ECA72ABF5B6CED44CE18F33 /* [CP] Check Pods Manifest.lock */,
				031F816B2B3246B300A4A22C /* Sources */,
				031F816C2B3246B300A4A22C /* Frameworks */,
				031F816D2B3246B300A4A22C /* Resources */,
				DA5073FD065ED8508CECD3DF /* [CP] Copy Pods Resources */,
				03E32A262B82816800C97A1C /* ShellScript */,
			);
			buildRules = (
			);
			dependencies = (
			);
			name = GourmeListApp;
			productName = GourmeListApp;
			productReference = 031F816F2B3246B300A4A22C /* GourmeListApp.app */;
			productType = "com.apple.product-type.application";
		};
/* End PBXNativeTarget section */

/* Begin PBXProject section */
		031F81672B3246B300A4A22C /* Project object */ = {
			isa = PBXProject;
			attributes = {
				BuildIndependentTargetsInParallel = 1;
				LastSwiftUpdateCheck = 1510;
				LastUpgradeCheck = 1540;
				TargetAttributes = {
					031F816E2B3246B300A4A22C = {
						CreatedOnToolsVersion = 15.1;
					};
				};
			};
			buildConfigurationList = 031F816A2B3246B300A4A22C /* Build configuration list for PBXProject "GourmeListApp" */;
			compatibilityVersion = "Xcode 14.0";
			developmentRegion = en;
			hasScannedForEncodings = 0;
			knownRegions = (
				en,
				Base,
				ja,
			);
			mainGroup = 031F81662B3246B300A4A22C;
			productRefGroup = 031F81702B3246B300A4A22C /* Products */;
			projectDirPath = "";
			projectRoot = "";
			targets = (
				031F816E2B3246B300A4A22C /* GourmeListApp */,
			);
		};
/* End PBXProject section */

/* Begin PBXResourcesBuildPhase section */
		031F816D2B3246B300A4A22C /* Resources */ = {
			isa = PBXResourcesBuildPhase;
			buildActionMask = 2147483647;
			files = (
				031F817A2B3246B500A4A22C /* Preview Assets.xcassets in Resources */,
				031F81772B3246B500A4A22C /* Assets.xcassets in Resources */,
			);
			runOnlyForDeploymentPostprocessing = 0;
		};
/* End PBXResourcesBuildPhase section */

/* Begin PBXShellScriptBuildPhase section */
		03E32A262B82816800C97A1C /* ShellScript */ = {
			isa = PBXShellScriptBuildPhase;
			alwaysOutOfDate = 1;
			buildActionMask = 2147483647;
			files = (
			);
			inputFileListPaths = (
			);
			inputPaths = (
			);
			outputFileListPaths = (
			);
			outputPaths = (
			);
			runOnlyForDeploymentPostprocessing = 0;
			shellPath = /bin/sh;
			shellScript = "export PATH=\"$PATH:/opt/homebrew/bin\"\n\nif which swiftlint; then\n    swiftlint --fix --format\nelse\n  echo \"warning: SwiftLint not installed, download from https://github.com/realm/SwiftLint\"\nfi\n";
		};
		2ECA72ABF5B6CED44CE18F33 /* [CP] Check Pods Manifest.lock */ = {
			isa = PBXShellScriptBuildPhase;
			buildActionMask = 2147483647;
			files = (
			);
			inputFileListPaths = (
			);
			inputPaths = (
				"${PODS_PODFILE_DIR_PATH}/Podfile.lock",
				"${PODS_ROOT}/Manifest.lock",
			);
			name = "[CP] Check Pods Manifest.lock";
			outputFileListPaths = (
			);
			outputPaths = (
				"$(DERIVED_FILE_DIR)/Pods-GourmeListApp-checkManifestLockResult.txt",
			);
			runOnlyForDeploymentPostprocessing = 0;
			shellPath = /bin/sh;
			shellScript = "diff \"${PODS_PODFILE_DIR_PATH}/Podfile.lock\" \"${PODS_ROOT}/Manifest.lock\" > /dev/null\nif [ $? != 0 ] ; then\n    # print error to STDERR\n    echo \"error: The sandbox is not in sync with the Podfile.lock. Run 'pod install' or update your CocoaPods installation.\" >&2\n    exit 1\nfi\n# This output is used by Xcode 'outputs' to avoid re-running this script phase.\necho \"SUCCESS\" > \"${SCRIPT_OUTPUT_FILE_0}\"\n";
			showEnvVarsInLog = 0;
		};
		DA5073FD065ED8508CECD3DF /* [CP] Copy Pods Resources */ = {
			isa = PBXShellScriptBuildPhase;
			buildActionMask = 2147483647;
			files = (
			);
			inputFileListPaths = (
				"${PODS_ROOT}/Target Support Files/Pods-GourmeListApp/Pods-GourmeListApp-resources-${CONFIGURATION}-input-files.xcfilelist",
			);
			name = "[CP] Copy Pods Resources";
			outputFileListPaths = (
				"${PODS_ROOT}/Target Support Files/Pods-GourmeListApp/Pods-GourmeListApp-resources-${CONFIGURATION}-output-files.xcfilelist",
			);
			runOnlyForDeploymentPostprocessing = 0;
			shellPath = /bin/sh;
			shellScript = "\"${PODS_ROOT}/Target Support Files/Pods-GourmeListApp/Pods-GourmeListApp-resources.sh\"\n";
			showEnvVarsInLog = 0;
		};
/* End PBXShellScriptBuildPhase section */

/* Begin PBXSourcesBuildPhase section */
		031F816B2B3246B300A4A22C /* Sources */ = {
			isa = PBXSourcesBuildPhase;
			buildActionMask = 2147483647;
			files = (
				030E67782BB8D2ED00ADA64A /* StoreInfoTextModifier.swift in Sources */,
				03E663582CA86BF00023BBB2 /* StoreDetailData.swift in Sources */,
				031F81812B324C7A00A4A22C /* AppDelegate.swift in Sources */,
				03C36C252B6A2266007DFA06 /* StoreRegistrationView.swift in Sources */,
				034BC4012B683EF0004948EF /* StoreEditView.swift in Sources */,
				034A2B382BFC22D60057E9EF /* VisitDateView.swift in Sources */,
				031636CF2C09A04300938104 /* NavigationBarTitleModifire.swift in Sources */,
				03F057E42CCEB69600D20360 /* VisitationStatus.swift in Sources */,
				031F81752B3246B300A4A22C /* HomeView.swift in Sources */,
				03E663642CAAD6570023BBB2 /* StoreEditViewModel.swift in Sources */,
				03E2F3EF2BCE530D00C1172D /* OriginalSearchBarView.swift in Sources */,
				0302CD412C98619E004567ED /* Persistence.swift in Sources */,
				030659972B6197B700304E19 /* TagAddView.swift in Sources */,
				031636CD2C0995D500938104 /* StoreInfoTextFieldModifier.swift in Sources */,
				030292882D162AEF000AD4B2 /* StoreSearchViewModel.swift in Sources */,
				03F057EA2CE4251F00D20360 /* TagButtonView.swift in Sources */,
				03D731D32CFA338B00550502 /* TagSelectionViewModel.swift in Sources */,
				03E663622CAAC8B00023BBB2 /* StoreRegistrationViewModel.swift in Sources */,
				03175B532BDD662000C0DDD9 /* TagButtonDetail.swift in Sources */,
				031636D12C09A1C900938104 /* NavigationBottomBarModifire.swift in Sources */,
				03BBF67B2B5F2D250016E3EE /* StoreOverview.swift in Sources */,
				0302CD422C98619E004567ED /* GourmeListApp.xcdatamodeld in Sources */,
				03DA569E2CE937EE004ED09E /* ImageScrollView.swift in Sources */,
				0342ED7B2C0F9DF90081E751 /* StoreSearchView.swift in Sources */,
				03DA56A02CED47A6004ED09E /* HomeViewModel.swift in Sources */,
				03D52ADD2D4DB0DC00DC6AC2 /* APIKeyConfig.swift in Sources */,
				03FC5B8F2B7D5B4F00B32E40 /* HomeNavigatePathModel.swift in Sources */,
				031F81732B3246B300A4A22C /* GourmeListApp.swift in Sources */,
				03E2F3ED2BCE4F7600C1172D /* TagSelectionView.swift in Sources */,
				03D732C72D0433DC00550502 /* StoreOverViewModel.swift in Sources */,
				03F057E62CDD62BE00D20360 /* TagAddViewModel.swift in Sources */,
			);
			runOnlyForDeploymentPostprocessing = 0;
		};
/* End PBXSourcesBuildPhase section */

/* Begin XCBuildConfiguration section */
		031F817B2B3246B500A4A22C /* Debug */ = {
			isa = XCBuildConfiguration;
			buildSettings = {
				ALWAYS_SEARCH_USER_PATHS = NO;
				ASSETCATALOG_COMPILER_GENERATE_ASSET_SYMBOLS = YES;
				ASSETCATALOG_COMPILER_GENERATE_SWIFT_ASSET_SYMBOL_EXTENSIONS = YES;
				CLANG_ANALYZER_LOCALIZABILITY_NONLOCALIZED = YES;
				CLANG_ANALYZER_NONNULL = YES;
				CLANG_ANALYZER_NUMBER_OBJECT_CONVERSION = YES_AGGRESSIVE;
				CLANG_CXX_LANGUAGE_STANDARD = "gnu++20";
				CLANG_ENABLE_MODULES = YES;
				CLANG_ENABLE_OBJC_ARC = YES;
				CLANG_ENABLE_OBJC_WEAK = YES;
				CLANG_WARN_BLOCK_CAPTURE_AUTORELEASING = YES;
				CLANG_WARN_BOOL_CONVERSION = YES;
				CLANG_WARN_COMMA = YES;
				CLANG_WARN_CONSTANT_CONVERSION = YES;
				CLANG_WARN_DEPRECATED_OBJC_IMPLEMENTATIONS = YES;
				CLANG_WARN_DIRECT_OBJC_ISA_USAGE = YES_ERROR;
				CLANG_WARN_DOCUMENTATION_COMMENTS = YES;
				CLANG_WARN_EMPTY_BODY = YES;
				CLANG_WARN_ENUM_CONVERSION = YES;
				CLANG_WARN_INFINITE_RECURSION = YES;
				CLANG_WARN_INT_CONVERSION = YES;
				CLANG_WARN_NON_LITERAL_NULL_CONVERSION = YES;
				CLANG_WARN_OBJC_IMPLICIT_RETAIN_SELF = YES;
				CLANG_WARN_OBJC_LITERAL_CONVERSION = YES;
				CLANG_WARN_OBJC_ROOT_CLASS = YES_ERROR;
				CLANG_WARN_QUOTED_INCLUDE_IN_FRAMEWORK_HEADER = YES;
				CLANG_WARN_RANGE_LOOP_ANALYSIS = YES;
				CLANG_WARN_STRICT_PROTOTYPES = YES;
				CLANG_WARN_SUSPICIOUS_MOVE = YES;
				CLANG_WARN_UNGUARDED_AVAILABILITY = YES_AGGRESSIVE;
				CLANG_WARN_UNREACHABLE_CODE = YES;
				CLANG_WARN__DUPLICATE_METHOD_MATCH = YES;
				COPY_PHASE_STRIP = NO;
				DEBUG_INFORMATION_FORMAT = dwarf;
				ENABLE_STRICT_OBJC_MSGSEND = YES;
				ENABLE_TESTABILITY = YES;
				ENABLE_USER_SCRIPT_SANDBOXING = NO;
				GCC_C_LANGUAGE_STANDARD = gnu17;
				GCC_DYNAMIC_NO_PIC = NO;
				GCC_NO_COMMON_BLOCKS = YES;
				GCC_OPTIMIZATION_LEVEL = 0;
				GCC_PREPROCESSOR_DEFINITIONS = (
					"DEBUG=1",
					"$(inherited)",
				);
				GCC_WARN_64_TO_32_BIT_CONVERSION = YES;
				GCC_WARN_ABOUT_RETURN_TYPE = YES_ERROR;
				GCC_WARN_UNDECLARED_SELECTOR = YES;
				GCC_WARN_UNINITIALIZED_AUTOS = YES_AGGRESSIVE;
				GCC_WARN_UNUSED_FUNCTION = YES;
				GCC_WARN_UNUSED_VARIABLE = YES;
				IPHONEOS_DEPLOYMENT_TARGET = 17.2;
				LOCALIZATION_PREFERS_STRING_CATALOGS = YES;
				MTL_ENABLE_DEBUG_INFO = INCLUDE_SOURCE;
				MTL_FAST_MATH = YES;
				ONLY_ACTIVE_ARCH = YES;
				SDKROOT = iphoneos;
				SWIFT_ACTIVE_COMPILATION_CONDITIONS = "DEBUG $(inherited)";
				SWIFT_OPTIMIZATION_LEVEL = "-Onone";
			};
			name = Debug;
		};
		031F817C2B3246B500A4A22C /* Release */ = {
			isa = XCBuildConfiguration;
			buildSettings = {
				ALWAYS_SEARCH_USER_PATHS = NO;
				ASSETCATALOG_COMPILER_GENERATE_ASSET_SYMBOLS = YES;
				ASSETCATALOG_COMPILER_GENERATE_SWIFT_ASSET_SYMBOL_EXTENSIONS = YES;
				CLANG_ANALYZER_LOCALIZABILITY_NONLOCALIZED = YES;
				CLANG_ANALYZER_NONNULL = YES;
				CLANG_ANALYZER_NUMBER_OBJECT_CONVERSION = YES_AGGRESSIVE;
				CLANG_CXX_LANGUAGE_STANDARD = "gnu++20";
				CLANG_ENABLE_MODULES = YES;
				CLANG_ENABLE_OBJC_ARC = YES;
				CLANG_ENABLE_OBJC_WEAK = YES;
				CLANG_WARN_BLOCK_CAPTURE_AUTORELEASING = YES;
				CLANG_WARN_BOOL_CONVERSION = YES;
				CLANG_WARN_COMMA = YES;
				CLANG_WARN_CONSTANT_CONVERSION = YES;
				CLANG_WARN_DEPRECATED_OBJC_IMPLEMENTATIONS = YES;
				CLANG_WARN_DIRECT_OBJC_ISA_USAGE = YES_ERROR;
				CLANG_WARN_DOCUMENTATION_COMMENTS = YES;
				CLANG_WARN_EMPTY_BODY = YES;
				CLANG_WARN_ENUM_CONVERSION = YES;
				CLANG_WARN_INFINITE_RECURSION = YES;
				CLANG_WARN_INT_CONVERSION = YES;
				CLANG_WARN_NON_LITERAL_NULL_CONVERSION = YES;
				CLANG_WARN_OBJC_IMPLICIT_RETAIN_SELF = YES;
				CLANG_WARN_OBJC_LITERAL_CONVERSION = YES;
				CLANG_WARN_OBJC_ROOT_CLASS = YES_ERROR;
				CLANG_WARN_QUOTED_INCLUDE_IN_FRAMEWORK_HEADER = YES;
				CLANG_WARN_RANGE_LOOP_ANALYSIS = YES;
				CLANG_WARN_STRICT_PROTOTYPES = YES;
				CLANG_WARN_SUSPICIOUS_MOVE = YES;
				CLANG_WARN_UNGUARDED_AVAILABILITY = YES_AGGRESSIVE;
				CLANG_WARN_UNREACHABLE_CODE = YES;
				CLANG_WARN__DUPLICATE_METHOD_MATCH = YES;
				COPY_PHASE_STRIP = NO;
				DEBUG_INFORMATION_FORMAT = "dwarf-with-dsym";
				ENABLE_NS_ASSERTIONS = NO;
				ENABLE_STRICT_OBJC_MSGSEND = YES;
				ENABLE_USER_SCRIPT_SANDBOXING = NO;
				GCC_C_LANGUAGE_STANDARD = gnu17;
				GCC_NO_COMMON_BLOCKS = YES;
				GCC_WARN_64_TO_32_BIT_CONVERSION = YES;
				GCC_WARN_ABOUT_RETURN_TYPE = YES_ERROR;
				GCC_WARN_UNDECLARED_SELECTOR = YES;
				GCC_WARN_UNINITIALIZED_AUTOS = YES_AGGRESSIVE;
				GCC_WARN_UNUSED_FUNCTION = YES;
				GCC_WARN_UNUSED_VARIABLE = YES;
				IPHONEOS_DEPLOYMENT_TARGET = 17.2;
				LOCALIZATION_PREFERS_STRING_CATALOGS = YES;
				MTL_ENABLE_DEBUG_INFO = NO;
				MTL_FAST_MATH = YES;
				SDKROOT = iphoneos;
				SWIFT_COMPILATION_MODE = wholemodule;
				VALIDATE_PRODUCT = YES;
			};
			name = Release;
		};
		031F817E2B3246B500A4A22C /* Debug */ = {
			isa = XCBuildConfiguration;
			baseConfigurationReference = 60696579FF9559805FE6A596 /* Pods-GourmeListApp.debug.xcconfig */;
			buildSettings = {
				ASSETCATALOG_COMPILER_APPICON_NAME = AppIcon;
				ASSETCATALOG_COMPILER_GLOBAL_ACCENT_COLOR_NAME = AccentColor;
				CODE_SIGN_STYLE = Automatic;
				CURRENT_PROJECT_VERSION = 6;
				DEVELOPMENT_ASSET_PATHS = "\"GourmeListApp/Preview Content\"";
				DEVELOPMENT_TEAM = A3RFT222AP;
				ENABLE_PREVIEWS = YES;
				GENERATE_INFOPLIST_FILE = YES;
				INFOPLIST_KEY_UIApplicationSceneManifest_Generation = YES;
				INFOPLIST_KEY_UIApplicationSupportsIndirectInputEvents = YES;
				INFOPLIST_KEY_UILaunchScreen_Generation = YES;
				INFOPLIST_KEY_UISupportedInterfaceOrientations_iPad = "UIInterfaceOrientationPortrait UIInterfaceOrientationPortraitUpsideDown UIInterfaceOrientationLandscapeLeft UIInterfaceOrientationLandscapeRight";
				INFOPLIST_KEY_UISupportedInterfaceOrientations_iPhone = "UIInterfaceOrientationPortrait UIInterfaceOrientationLandscapeLeft UIInterfaceOrientationLandscapeRight";
				INFOPLIST_KEY_UIUserInterfaceStyle = Light;
				LD_RUNPATH_SEARCH_PATHS = (
					"$(inherited)",
					"@executable_path/Frameworks",
				);
				MARKETING_VERSION = 1.1;
				PRODUCT_BUNDLE_IDENTIFIER = takahashi20231220.GourmeListApp;
				PRODUCT_NAME = "$(TARGET_NAME)";
				SUPPORTED_PLATFORMS = "iphoneos iphonesimulator";
				SUPPORTS_MACCATALYST = NO;
				SUPPORTS_XR_DESIGNED_FOR_IPHONE_IPAD = NO;
				SWIFT_EMIT_LOC_STRINGS = YES;
				SWIFT_VERSION = 5.0;
				TARGETED_DEVICE_FAMILY = 1;
			};
			name = Debug;
		};
		031F817F2B3246B500A4A22C /* Release */ = {
			isa = XCBuildConfiguration;
			baseConfigurationReference = 0A7D4927EACE77FF8CA9117A /* Pods-GourmeListApp.release.xcconfig */;
			buildSettings = {
				ASSETCATALOG_COMPILER_APPICON_NAME = AppIcon;
				ASSETCATALOG_COMPILER_GLOBAL_ACCENT_COLOR_NAME = AccentColor;
				CODE_SIGN_STYLE = Automatic;
				CURRENT_PROJECT_VERSION = 6;
				DEVELOPMENT_ASSET_PATHS = "\"GourmeListApp/Preview Content\"";
				DEVELOPMENT_TEAM = A3RFT222AP;
				ENABLE_PREVIEWS = YES;
				GENERATE_INFOPLIST_FILE = YES;
				INFOPLIST_KEY_UIApplicationSceneManifest_Generation = YES;
				INFOPLIST_KEY_UIApplicationSupportsIndirectInputEvents = YES;
				INFOPLIST_KEY_UILaunchScreen_Generation = YES;
				INFOPLIST_KEY_UISupportedInterfaceOrientations_iPad = "UIInterfaceOrientationPortrait UIInterfaceOrientationPortraitUpsideDown UIInterfaceOrientationLandscapeLeft UIInterfaceOrientationLandscapeRight";
				INFOPLIST_KEY_UISupportedInterfaceOrientations_iPhone = "UIInterfaceOrientationPortrait UIInterfaceOrientationLandscapeLeft UIInterfaceOrientationLandscapeRight";
				INFOPLIST_KEY_UIUserInterfaceStyle = Light;
				LD_RUNPATH_SEARCH_PATHS = (
					"$(inherited)",
					"@executable_path/Frameworks",
				);
				MARKETING_VERSION = 1.1;
				PRODUCT_BUNDLE_IDENTIFIER = takahashi20231220.GourmeListApp;
				PRODUCT_NAME = "$(TARGET_NAME)";
				SUPPORTED_PLATFORMS = "iphoneos iphonesimulator";
				SUPPORTS_MACCATALYST = NO;
				SUPPORTS_XR_DESIGNED_FOR_IPHONE_IPAD = NO;
				SWIFT_EMIT_LOC_STRINGS = YES;
				SWIFT_VERSION = 5.0;
				TARGETED_DEVICE_FAMILY = 1;
			};
			name = Release;
		};
/* End XCBuildConfiguration section */

/* Begin XCConfigurationList section */
		031F816A2B3246B300A4A22C /* Build configuration list for PBXProject "GourmeListApp" */ = {
			isa = XCConfigurationList;
			buildConfigurations = (
				031F817B2B3246B500A4A22C /* Debug */,
				031F817C2B3246B500A4A22C /* Release */,
			);
			defaultConfigurationIsVisible = 0;
			defaultConfigurationName = Release;
		};
		031F817D2B3246B500A4A22C /* Build configuration list for PBXNativeTarget "GourmeListApp" */ = {
			isa = XCConfigurationList;
			buildConfigurations = (
				031F817E2B3246B500A4A22C /* Debug */,
				031F817F2B3246B500A4A22C /* Release */,
			);
			defaultConfigurationIsVisible = 0;
			defaultConfigurationName = Release;
		};
/* End XCConfigurationList section */

/* Begin XCVersionGroup section */
		0302CD3F2C98619E004567ED /* GourmeListApp.xcdatamodeld */ = {
			isa = XCVersionGroup;
			children = (
				0302CD402C98619E004567ED /* PhotoCoreData.xcdatamodel */,
			);
			currentVersion = 0302CD402C98619E004567ED /* PhotoCoreData.xcdatamodel */;
			path = GourmeListApp.xcdatamodeld;
			sourceTree = "<group>";
			versionGroupType = wrapper.xcdatamodel;
		};
/* End XCVersionGroup section */
	};
	rootObject = 031F81672B3246B300A4A22C /* Project object */;
}
